github.com/gorilla/mux v1.8.0 h1:i40aqfkR1h2SlN9hojwV5ZA91wcXFOvkdNIeFDP5koI=
github.com/gorilla/mux v1.8.0/go.mod h1:DVbg23sWSpFRCP0SfiEN6jmj59UnW/n46BH5rLB71So=
github.com/influxdata/influxdb1-client v0.0.0-20220302092344-a9ab5670611c h1:qSHzRbhzK8RdXOsAdfDgO49TtqC1oZ+acxPrkfTxcCs=
github.com/influxdata/influxdb1-client v0.0.0-20220302092344-a9ab5670611c/go.mod h1:qj24IKcXYK6Iy9ceXlo3Tc+vtHo9lIhSX5JddghvEPo=
